
Microsoft Visual Studio Solution File, Format Version 12.00
# Visual Studio Version 17
VisualStudioVersion = 17.3.32804.467
MinimumVisualStudioVersion = 10.0.40219.1
Project("{FAE04EC0-301F-11D3-BF4B-00C04F79EFBC}") = "IntegrationTest.WebApi", "IntegrationTest.WebApi.csproj", "{EBE6AE53-F068-45B2-899C-F565116C8741}"
EndProject
Global
	GlobalSection(SolutionConfigurationPlatforms) = preSolution
		Debug|Any CPU = Debug|Any CPU
		Release|Any CPU = Release|Any CPU
	EndGlobalSection
	GlobalSection(ProjectConfigurationPlatforms) = postSolution
		{EBE6AE53-F068-45B2-899C-F565116C8741}.Debug|Any CPU.ActiveCfg = Debug|Any CPU
		{EBE6AE53-F068-45B2-899C-F565116C8741}.Debug|Any CPU.Build.0 = Debug|Any CPU
		{EBE6AE53-F068-45B2-899C-F565116C8741}.Release|Any CPU.ActiveCfg = Release|Any CPU
		{EBE6AE53-F068-45B2-899C-F565116C8741}.Release|Any CPU.Build.0 = Release|Any CPU
	EndGlobalSection
	GlobalSection(SolutionProperties) = preSolution
		HideSolutionNode = FALSE
	EndGlobalSection
	GlobalSection(ExtensibilityGlobals) = postSolution
		SolutionGuid = {7FE638DA-6E89-4E9B-B831-1916C875D46C}
	EndGlobalSection
EndGlobal
